
Microsoft Visual Studio Solution File, Format Version 12.00
# Visual Studio Version 17
VisualStudioVersion = 17.11.35222.181
MinimumVisualStudioVersion = 10.0.40219.1
Project("{9A19103F-16F7-4668-BE54-9A1E7A4F7556}") = "SupportCenter", "SupportCenter.csproj", "{C90AA0F3-E5B8-4494-960C-3EE553907ED9}"
EndProject
Project("{FAE04EC0-301F-11D3-BF4B-00C04F79EFBC}") = "SupportCenter.Services", "..\SupportCenter.Services\SupportCenter.Services.csproj", "{57A8010D-AA35-4A88-8740-BFD2FF16AB2F}"
EndProject
Global
	GlobalSection(SolutionConfigurationPlatforms) = preSolution
		Debug|Any CPU = Debug|Any CPU
		Release|Any CPU = Release|Any CPU
	EndGlobalSection
	GlobalSection(ProjectConfigurationPlatforms) = postSolution
		{C90AA0F3-E5B8-4494-960C-3EE553907ED9}.Debug|Any CPU.ActiveCfg = Debug|Any CPU
		{C90AA0F3-E5B8-4494-960C-3EE553907ED9}.Debug|Any CPU.Build.0 = Debug|Any CPU
		{C90AA0F3-E5B8-4494-960C-3EE553907ED9}.Release|Any CPU.ActiveCfg = Release|Any CPU
		{C90AA0F3-E5B8-4494-960C-3EE553907ED9}.Release|Any CPU.Build.0 = Release|Any CPU
		{57A8010D-AA35-4A88-8740-BFD2FF16AB2F}.Debug|Any CPU.ActiveCfg = Debug|Any CPU
		{57A8010D-AA35-4A88-8740-BFD2FF16AB2F}.Debug|Any CPU.Build.0 = Debug|Any CPU
		{57A8010D-AA35-4A88-8740-BFD2FF16AB2F}.Release|Any CPU.ActiveCfg = Release|Any CPU
		{57A8010D-AA35-4A88-8740-BFD2FF16AB2F}.Release|Any CPU.Build.0 = Release|Any CPU
	EndGlobalSection
	GlobalSection(SolutionProperties) = preSolution
		HideSolutionNode = FALSE
	EndGlobalSection
	GlobalSection(ExtensibilityGlobals) = postSolution
		SolutionGuid = {FC3B65BA-5873-4898-AA02-54F34FF6E5F8}
	EndGlobalSection
EndGlobal
